{
  "name": "spelling",
  "lockfileVersion": 3,
  "requires": true,
  "packages": {
    "": {
      "dependencies": {
        "@primer/css": "^21.5.1",
        "@primer/primitives": "^10.3.2",
        "@primer/view-components": "^0.36.4",
        "mpg123": "^0.2.3"
      }
    },
    "node_modules/@github/auto-check-element": {
      "version": "5.6.0",
      "resolved": "https://registry.npmjs.org/@github/auto-check-element/-/auto-check-element-5.6.0.tgz",
      "integrity": "sha512-OMmiILYZVJfK31QeTzIJvlMewytBM5w4oKU0HTkc4pr3AlodEqd+T20sDIZJvJZhjG9h6AqDfbaJG9X3QRwKTA==",
      "license": "MIT",
      "dependencies": {
        "@github/mini-throttle": "^2.1.0"
      }
    },
    "node_modules/@github/auto-complete-element": {
      "version": "3.8.0",
      "resolved": "https://registry.npmjs.org/@github/auto-complete-element/-/auto-complete-element-3.8.0.tgz",
      "integrity": "sha512-rS2Uj38V1BsenLvrIswV5IXfiYH2/KUhz6inot+JXho/fFOO+01tsW1HxqSdIXqh5EDuoY0f/GQsztZcH22AXQ==",
      "license": "MIT",
      "dependencies": {
        "@github/combobox-nav": "^2.1.7"
      }
    },
    "node_modules/@github/catalyst": {
      "version": "1.7.0",
      "resolved": "https://registry.npmjs.org/@github/catalyst/-/catalyst-1.7.0.tgz",
      "integrity": "sha512-qOAxrDdRZz9+v4y2WoAfh11rpRY/x4FRofPNmJyZFzAjubtzE3sCa/tAycWWufmQGoYiwwzL/qJBBgyg7avxPw==",
      "license": "MIT"
    },
    "node_modules/@github/clipboard-copy-element": {
      "version": "1.3.0",
      "resolved": "https://registry.npmjs.org/@github/clipboard-copy-element/-/clipboard-copy-element-1.3.0.tgz",
      "integrity": "sha512-wyntkQkwoLbLo+Hqg2LIVMXDIzcvUb9bSDz+clX6nVJItwzh103rHxdXFRZD+DmxVbuEW5xSznYQXkz1jZT+xg==",
      "license": "MIT"
    },
    "node_modules/@github/combobox-nav": {
      "version": "2.3.1",
      "resolved": "https://registry.npmjs.org/@github/combobox-nav/-/combobox-nav-2.3.1.tgz",
      "integrity": "sha512-gwxPzLw8XKecy1nP63i9lOBritS3bWmxl02UX6G0TwMQZbMem1BCS1tEZgYd3mkrkiDrUMWaX+DbFCuDFo3K+A==",
      "license": "MIT"
    },
    "node_modules/@github/details-menu-element": {
      "version": "1.0.13",
      "resolved": "https://registry.npmjs.org/@github/details-menu-element/-/details-menu-element-1.0.13.tgz",
      "integrity": "sha512-gMkii86w/oUP5dq8yOWZn1sgbgtFj3AYETxxtpsqRggZktgd8te4+npAn4Hm+936c/lxmEzXqfjARL/CzGR4+w==",
      "license": "MIT"
    },
    "node_modules/@github/image-crop-element": {
      "version": "5.0.0",
      "resolved": "https://registry.npmjs.org/@github/image-crop-element/-/image-crop-element-5.0.0.tgz",
      "integrity": "sha512-Vgm2OwWAs1ESoib/t5sjxsAYo6YTOxxAjWDRxswX7qrqoyCejTZ3hshdo4Ep5e+Mz/GVTZC3rdMtg06dk/eT4g==",
      "license": "MIT"
    },
    "node_modules/@github/include-fragment-element": {
      "version": "6.3.0",
      "resolved": "https://registry.npmjs.org/@github/include-fragment-element/-/include-fragment-element-6.3.0.tgz",
      "integrity": "sha512-BJTt8ZE/arsbC9lQtTH8c1hZS0ZigiN+kzH54ffQ6MhHLT83h0OpSdS9NEVocPl2uuO6w3qxnEKTDzUGMQ5rdQ==",
      "license": "MIT"
    },
    "node_modules/@github/mini-throttle": {
      "version": "2.1.1",
      "resolved": "https://registry.npmjs.org/@github/mini-throttle/-/mini-throttle-2.1.1.tgz",
      "integrity": "sha512-KtOPaB+FiKJ6jcKm9UKyaM5fPURHGf+xcp+b4Mzoi81hOc6M1sIGpMZMAVbNzfa2lW5+RPGKq888Px0j76OZ/A==",
      "license": "MIT"
    },
    "node_modules/@github/relative-time-element": {
      "version": "4.4.5",
      "resolved": "https://registry.npmjs.org/@github/relative-time-element/-/relative-time-element-4.4.5.tgz",
      "integrity": "sha512-9ejPtayBDIJfEU8x1fg/w2o5mahHkkp1SC6uObDtoKs4Gn+2a1vNK8XIiNDD8rMeEfpvDjydgSZZ+uk+7N0VsQ==",
      "license": "MIT"
    },
    "node_modules/@github/remote-input-element": {
      "version": "0.4.0",
      "resolved": "https://registry.npmjs.org/@github/remote-input-element/-/remote-input-element-0.4.0.tgz",
      "integrity": "sha512-apsMwsFW24F+w2wzT8oKoBi9lpm6GeFOmtuL+1YwDVmIiwixfHOD3MnEsEOv0RwmHsMdWmIjP9mxWyTWPKZHGg==",
      "license": "MIT"
    },
    "node_modules/@github/tab-container-element": {
      "version": "3.4.0",
      "resolved": "https://registry.npmjs.org/@github/tab-container-element/-/tab-container-element-3.4.0.tgz",
      "integrity": "sha512-Yx70pO8A0p7Stnm9knKkUNX8i4bjuwDYZarRkM8JH0Z+ffhpe++oNAPbzGI9GEcGugRHvKuSC6p4YOdoHtTniQ==",
      "license": "MIT"
    },
    "node_modules/@lit-labs/ssr-dom-shim": {
      "version": "1.3.0",
      "resolved": "https://registry.npmjs.org/@lit-labs/ssr-dom-shim/-/ssr-dom-shim-1.3.0.tgz",
      "integrity": "sha512-nQIWonJ6eFAvUUrSlwyHDm/aE8PBDu5kRpL0vHMg6K8fK3Diq1xdPjTnsJSwxABhaZ+5eBi1btQB5ShUTKo4nQ==",
      "license": "BSD-3-Clause"
    },
    "node_modules/@oddbird/popover-polyfill": {
      "version": "0.5.2",
      "resolved": "https://registry.npmjs.org/@oddbird/popover-polyfill/-/popover-polyfill-0.5.2.tgz",
      "integrity": "sha512-iFrvar5SOMtKFOSjYvs4z9UlLqDdJbMx0mgISLcPedv+g0ac5sgeETLGtipHCVIae6HJPclNEH5aCyD1RZaEHw==",
      "license": "BSD-3-Clause"
    },
    "node_modules/@primer/behaviors": {
      "version": "1.8.1",
      "resolved": "https://registry.npmjs.org/@primer/behaviors/-/behaviors-1.8.1.tgz",
      "integrity": "sha512-9oKBGPpGTIRcBLuWmi+TAvhxxEYI9HbrWnRY6UcHFFHucp783ncoKzok7wDkeHXdKcUZU51E5NM9/k68LaPWpw==",
      "license": "MIT"
    },
    "node_modules/@primer/css": {
      "version": "21.5.1",
      "resolved": "https://registry.npmjs.org/@primer/css/-/css-21.5.1.tgz",
      "integrity": "sha512-/dw7P2eHbLEq77E6WVhVPud/HtyzAzlQgX6f8HQ/i0l1r5EZeh9r7/THgMUt0MgdSlJb7t+WT+V+zN8EDkU9mw==",
      "license": "MIT",
      "engines": {
        "node": ">=16.0.0"
      },
      "peerDependencies": {
        "@primer/primitives": "9.x || 10.x"
      }
    },
    "node_modules/@primer/live-region-element": {
      "version": "0.7.2",
      "resolved": "https://registry.npmjs.org/@primer/live-region-element/-/live-region-element-0.7.2.tgz",
      "integrity": "sha512-wdxCHfcJzE1IPPjZNFR4RTwRcSWb7TN0fRdMH5HcxphLEnuZBWy0TAxk3xPA+/6lwiN3uEJ+ZWV4UF/glXh43A==",
      "license": "MIT",
      "dependencies": {
        "@lit-labs/ssr-dom-shim": "^1.2.0"
      }
    },
    "node_modules/@primer/primitives": {
      "version": "10.4.0",
      "resolved": "https://registry.npmjs.org/@primer/primitives/-/primitives-10.4.0.tgz",
      "integrity": "sha512-cRgzqT4IU3GW4v8g2L3nWRcj5QcgzLfWfARUmIVO97WMvE8mRMjLLAx1rQz8fTP4YOeysMxkOV1C1mGq7GUFYQ==",
      "license": "MIT"
    },
    "node_modules/@primer/view-components": {
      "version": "0.36.5",
      "resolved": "https://registry.npmjs.org/@primer/view-components/-/view-components-0.36.5.tgz",
      "integrity": "sha512-i3SpCe7umffMNWhfFCHflap0aXXn1Rd85N0RCrcFRmKBirSBIX9WkAvW1VQtdxKCwfwH3VTUGaEfqfgDE4ttCA==",
      "license": "MIT",
      "dependencies": {
        "@github/auto-check-element": "^5.2.0",
        "@github/auto-complete-element": "^3.6.2",
        "@github/catalyst": "^1.6.0",
        "@github/clipboard-copy-element": "^1.3.0",
        "@github/details-menu-element": "^1.0.12",
        "@github/image-crop-element": "^5.0.0",
        "@github/include-fragment-element": "^6.1.1",
        "@github/relative-time-element": "^4.0.0",
        "@github/remote-input-element": "^0.4.0",
        "@github/tab-container-element": "^3.1.2",
        "@oddbird/popover-polyfill": "^0.5.2",
        "@primer/behaviors": "^1.3.4",
        "@primer/live-region-element": "^0.7.1"
      },
      "peerDependencies": {
        "@primer/primitives": "9.x || 10.x"
      }
    },
    "node_modules/duplexer": {
      "version": "0.1.2",
      "resolved": "https://registry.npmjs.org/duplexer/-/duplexer-0.1.2.tgz",
      "integrity": "sha512-jtD6YG370ZCIi/9GTaJKQxWTZD045+4R4hTk/x1UyoqadyJ9x9CgSi1RlVDQF8U2sxLLSnFkCaMihqljHIWgMg==",
      "license": "MIT"
    },
    "node_modules/event-stream": {
      "version": "3.0.20",
      "resolved": "https://registry.npmjs.org/event-stream/-/event-stream-3.0.20.tgz",
      "integrity": "sha512-u2P2ZUf2wN0LBDY6gDNMH+GvLer2Fpb0IAw7i6abjy8HLZnhdobM10Qohn86mwTKy3lcV9VuUms0aU9kpfBrow==",
      "dependencies": {
        "duplexer": "~0.1.1",
        "from": "~0",
        "map-stream": "~0.0.3",
        "pause-stream": "0.0.11",
        "split": "0.2",
        "stream-combiner": "~0.0.3",
        "through": "~2.3.1"
      }
    },
    "node_modules/event-stream/node_modules/through": {
      "version": "2.3.8",
      "resolved": "https://registry.npmjs.org/through/-/through-2.3.8.tgz",
      "integrity": "sha512-w89qg7PI8wAdvX60bMDP+bFoD5Dvhm9oLheFp5O4a2QF0cSBGsBX4qZmadPMvVqlLJBBci+WqGGOAPvcDeNSVg==",
      "license": "MIT"
    },
    "node_modules/from": {
      "version": "0.1.7",
      "resolved": "https://registry.npmjs.org/from/-/from-0.1.7.tgz",
      "integrity": "sha512-twe20eF1OxVxp/ML/kq2p1uc6KvFK/+vs8WjEbeKmV2He22MKm7YF2ANIt+EOqhJ5L3K/SuuPhk0hWQDjOM23g==",
      "license": "MIT"
    },
    "node_modules/map-stream": {
      "version": "0.0.7",
      "resolved": "https://registry.npmjs.org/map-stream/-/map-stream-0.0.7.tgz",
      "integrity": "sha512-C0X0KQmGm3N2ftbTGBhSyuydQ+vV1LC3f3zPvT3RXHXNZrvfPZcoXp/N5DOa8vedX/rTMm2CjTtivFg2STJMRQ==",
      "license": "MIT"
    },
    "node_modules/mpg123": {
      "version": "0.2.3",
      "resolved": "https://registry.npmjs.org/mpg123/-/mpg123-0.2.3.tgz",
      "integrity": "sha512-E53fsKDm8npDC4Oen1PJr5v9oeFrkx4nlP/a3OFz6rmqRtl6cY3FN46Hc4nAeapZE7SbYn6HQCZ4VHVCFRlefQ==",
      "license": "MIT",
      "dependencies": {
        "event-stream": "~3.0.4",
        "through": "~1.1.0"
      }
    },
    "node_modules/pause-stream": {
      "version": "0.0.11",
      "resolved": "https://registry.npmjs.org/pause-stream/-/pause-stream-0.0.11.tgz",
      "integrity": "sha512-e3FBlXLmN/D1S+zHzanP4E/4Z60oFAa3O051qt1pxa7DEJWKAyil6upYVXCWadEnuoqa4Pkc9oUx9zsxYeRv8A==",
      "license": [
        "MIT",
        "Apache2"
      ],
      "dependencies": {
        "through": "~2.3"
      }
    },
    "node_modules/pause-stream/node_modules/through": {
      "version": "2.3.8",
      "resolved": "https://registry.npmjs.org/through/-/through-2.3.8.tgz",
      "integrity": "sha512-w89qg7PI8wAdvX60bMDP+bFoD5Dvhm9oLheFp5O4a2QF0cSBGsBX4qZmadPMvVqlLJBBci+WqGGOAPvcDeNSVg==",
      "license": "MIT"
    },
    "node_modules/split": {
      "version": "0.2.10",
      "resolved": "https://registry.npmjs.org/split/-/split-0.2.10.tgz",
      "integrity": "sha512-e0pKq+UUH2Xq/sXbYpZBZc3BawsfDZ7dgv+JtRTUPNcvF5CMR4Y9cvJqkMY0MoxWzTHvZuz1beg6pNEKlszPiQ==",
      "dependencies": {
        "through": "2"
      },
      "engines": {
        "node": "*"
      }
    },
    "node_modules/split/node_modules/through": {
      "version": "2.3.8",
      "resolved": "https://registry.npmjs.org/through/-/through-2.3.8.tgz",
      "integrity": "sha512-w89qg7PI8wAdvX60bMDP+bFoD5Dvhm9oLheFp5O4a2QF0cSBGsBX4qZmadPMvVqlLJBBci+WqGGOAPvcDeNSVg==",
      "license": "MIT"
    },
    "node_modules/stream-combiner": {
      "version": "0.0.4",
      "resolved": "https://registry.npmjs.org/stream-combiner/-/stream-combiner-0.0.4.tgz",
      "integrity": "sha512-rT00SPnTVyRsaSz5zgSPma/aHSOic5U1prhYdRy5HS2kTZviFpmDgzilbtsJsxiroqACmayynDN/9VzIbX5DOw==",
      "license": "MIT",
      "dependencies": {
        "duplexer": "~0.1.1"
      }
    },
    "node_modules/through": {
      "version": "1.1.2",
      "resolved": "https://registry.npmjs.org/through/-/through-1.1.2.tgz",
      "integrity": "sha512-YG7jdC/XCqsooOdR2LJpeuQ5WnuYnHohUMJq4xMN09rbr81rli6JfZbGa07dWJg24qb8h6mGC+0G74eak9hrnw==",
      "license": "MIT"
    }
  }
}
